{
  "nodes": {
    "impermanence": {
      "locked": {
        "lastModified": 1737831083,
        "narHash": "sha256-LJggUHbpyeDvNagTUrdhe/pRVp4pnS6wVKALS782gRI=",
        "owner": "nix-community",
        "repo": "impermanence",
        "rev": "4b3e914cdf97a5b536a889e939fb2fd2b043a170",
        "type": "github"
      },
      "original": {
        "owner": "nix-community",
        "repo": "impermanence",
        "type": "github"
      }
    },
    "nix-index-database": {
      "inputs": {
        "nixpkgs": [
          "nixpkgs"
        ]
      },
      "locked": {
        "lastModified": 1764475780,
        "narHash": "sha256-77jL5H5x51ksLiOUDjY0ZK8e2T4ZXLhj3ap8ETvknWI=",
        "owner": "nix-community",
        "repo": "nix-index-database",
        "rev": "5a3ff8c1a09003f399f43d5742d893c0b1ab8af0",
        "type": "github"
      },
      "original": {
        "owner": "nix-community",
        "repo": "nix-index-database",
        "type": "github"
      }
    },
    "nixpkgs": {
      "locked": {
        "lastModified": 1764560356,
        "narHash": "sha256-M5aFEFPppI4UhdOxwdmceJ9bDJC4T6C6CzCK1E2FZyo=",
        "owner": "NixOS",
        "repo": "nixpkgs",
        "rev": "6c8f0cca84510cc79e09ea99a299c9bc17d03cb6",
        "type": "github"
      },
      "original": {
        "owner": "NixOS",
        "ref": "nixos-25.05",
        "repo": "nixpkgs",
        "type": "github"
      }
    },
    "root": {
      "inputs": {
        "impermanence": "impermanence",
        "nix-index-database": "nix-index-database",
        "nixpkgs": "nixpkgs"
      }
    }
  },
  "root": "root",
  "version": 7
}
